# @generated - this file is auto-generated by `mise lock` https://mise.jdx.dev/dev-tools/mise-lock.html

lockfile_version = 2

[[tools."cargo:sizelint"]]
version = "0.1.5"
backend = "cargo:sizelint"
specifiers = ["0.1.5"]

[[tools."github:EmbarkStudios/cargo-deny"]]
version = "0.20.2"
backend = "github:EmbarkStudios/cargo-deny"
specifiers = ["0.20.2"]

[tools."github:EmbarkStudios/cargo-deny"."platforms.linux-arm64"]
checksum = "sha256:995c82be0defc7a025cae49a2aa2644ce8245c9a3318fc4103907c6a285e8c7d"
url = "https://github.com/EmbarkStudios/cargo-deny/releases/download/0.20.2/cargo-deny-0.20.2-aarch64-unknown-linux-musl.tar.gz"
url_api = "https://api.github.com/repos/EmbarkStudios/cargo-deny/releases/assets/471598345"

[tools."github:EmbarkStudios/cargo-deny"."platforms.linux-arm64-musl"]
checksum = "sha256:995c82be0defc7a025cae49a2aa2644ce8245c9a3318fc4103907c6a285e8c7d"
url = "https://github.com/EmbarkStudios/cargo-deny/releases/download/0.20.2/cargo-deny-0.20.2-aarch64-unknown-linux-musl.tar.gz"
url_api = "https://api.github.com/repos/EmbarkStudios/cargo-deny/releases/assets/471598345"

[tools."github:EmbarkStudios/cargo-deny"."platforms.linux-x64"]
checksum = "sha256:9f12ed4c49936e09b48bf862b595cde2fe64fcbd9d74dfacac6131ca824c8d5f"
url = "https://github.com/EmbarkStudios/cargo-deny/releases/download/0.20.2/cargo-deny-0.20.2-x86_64-unknown-linux-musl.tar.gz"
url_api = "https://api.github.com/repos/EmbarkStudios/cargo-deny/releases/assets/471598214"

[tools."github:EmbarkStudios/cargo-deny"."platforms.linux-x64-musl"]
checksum = "sha256:9f12ed4c49936e09b48bf862b595cde2fe64fcbd9d74dfacac6131ca824c8d5f"
url = "https://github.com/EmbarkStudios/cargo-deny/releases/download/0.20.2/cargo-deny-0.20.2-x86_64-unknown-linux-musl.tar.gz"
url_api = "https://api.github.com/repos/EmbarkStudios/cargo-deny/releases/assets/471598214"

[tools."github:EmbarkStudios/cargo-deny"."platforms.macos-arm64"]
checksum = "sha256:fe67d82a10d8597a3549364cb733a3f9cc1bfff9031b7ae46384a9f2a72090c3"
url = "https://github.com/EmbarkStudios/cargo-deny/releases/download/0.20.2/cargo-deny-0.20.2-aarch64-apple-darwin.tar.gz"
url_api = "https://api.github.com/repos/EmbarkStudios/cargo-deny/releases/assets/471597689"

[tools."github:EmbarkStudios/cargo-deny"."platforms.macos-x64"]
checksum = "sha256:248da7f581724e470071990c088ffc55c811981715f4cbdb258621fb79f8b7a6"
url = "https://github.com/EmbarkStudios/cargo-deny/releases/download/0.20.2/cargo-deny-0.20.2-x86_64-apple-darwin.tar.gz"
url_api = "https://api.github.com/repos/EmbarkStudios/cargo-deny/releases/assets/471598357"

[tools."github:EmbarkStudios/cargo-deny"."platforms.windows-x64"]
checksum = "sha256:975a22143262fd27476d19ee00c7af67978426e40e1dee94eed6bbade1cf87dc"
url = "https://github.com/EmbarkStudios/cargo-deny/releases/download/0.20.2/cargo-deny-0.20.2-x86_64-pc-windows-msvc.tar.gz"
url_api = "https://api.github.com/repos/EmbarkStudios/cargo-deny/releases/assets/471599057"

[[tools."github:aubepkg/aube"]]
version = "2.2.4"
backend = "github:aubepkg/aube"
specifiers = ["2.2.4"]

[tools."github:aubepkg/aube"."platforms.linux-arm64"]
checksum = "sha256:ded66b083215124d196d918ce44506791c2153552f8f307786e07d9bb3f9221e"
url = "https://github.com/aubepkg/aube/releases/download/v2.2.4/aube-v2.2.4-aarch64-unknown-linux-gnu.tar.gz"
url_api = "https://api.github.com/repos/aubepkg/aube/releases/assets/538160671"

[tools."github:aubepkg/aube"."platforms.linux-arm64-musl"]
checksum = "sha256:07ad5c91d0c7ebb8e9092883ce4910284dc3c909d3aa3ef3c0041c8d25facb7b"
url = "https://github.com/aubepkg/aube/releases/download/v2.2.4/aube-v2.2.4-aarch64-unknown-linux-musl.tar.gz"
url_api = "https://api.github.com/repos/aubepkg/aube/releases/assets/538133294"

[tools."github:aubepkg/aube"."platforms.linux-x64"]
checksum = "sha256:20b8fda0f9f471500ee64814880bd84c1bc402ee7f6dece39bfae25cc93aa1d8"
url = "https://github.com/aubepkg/aube/releases/download/v2.2.4/aube-v2.2.4-x86_64-unknown-linux-gnu.tar.gz"
url_api = "https://api.github.com/repos/aubepkg/aube/releases/assets/538149375"

[tools."github:aubepkg/aube"."platforms.linux-x64-musl"]
checksum = "sha256:ff864b3348d8aad6a1b50fe47e2234d53527797e80f190533c0456ef6255d6e4"
url = "https://github.com/aubepkg/aube/releases/download/v2.2.4/aube-v2.2.4-x86_64-unknown-linux-musl.tar.gz"
url_api = "https://api.github.com/repos/aubepkg/aube/releases/assets/538157265"

[tools."github:aubepkg/aube"."platforms.macos-arm64"]
checksum = "sha256:aa3f6e8e319c8d9c92393e797cd5576229eacc0740e8cf2b34d4c65bb1e61708"
url = "https://github.com/aubepkg/aube/releases/download/v2.2.4/aube-v2.2.4-aarch64-apple-darwin.tar.gz"
url_api = "https://api.github.com/repos/aubepkg/aube/releases/assets/538155490"

[tools."github:aubepkg/aube"."platforms.macos-x64"]
checksum = "sha256:ada4d37cc28ff03c1c7573105d9a149e0e9922abec8b2332d0ec11020b77ad2b"
url = "https://github.com/aubepkg/aube/releases/download/v2.2.4/libaube-x86_64-apple-darwin.dylib"
url_api = "https://api.github.com/repos/aubepkg/aube/releases/assets/538190348"

[tools."github:aubepkg/aube"."platforms.windows-x64"]
checksum = "sha256:b6ace0276285c6a0e0f0f2850f45bdcc4e51e1cc11fa005457c6fb83998a6d23"
url = "https://github.com/aubepkg/aube/releases/download/v2.2.4/aube-v2.2.4-x86_64-pc-windows-msvc.zip"
url_api = "https://api.github.com/repos/aubepkg/aube/releases/assets/538150861"

[[tools."github:cli/cli"]]
version = "2.100.0"
backend = "github:cli/cli"
specifiers = ["2.100.0"]

[tools."github:cli/cli"."platforms.linux-arm64"]
checksum = "sha256:ea4e7a581a32ccad6cc7923cb1576ac5859ba4b9a16ab22eb8f8a96e78e2e961"
url = "https://github.com/cli/cli/releases/download/v2.100.0/gh_2.100.0_linux_arm64.tar.gz"
url_api = "https://api.github.com/repos/cli/cli/releases/assets/542974279"
provenance = "github-attestations"

[tools."github:cli/cli"."platforms.linux-arm64-musl"]
checksum = "sha256:ea4e7a581a32ccad6cc7923cb1576ac5859ba4b9a16ab22eb8f8a96e78e2e961"
url = "https://github.com/cli/cli/releases/download/v2.100.0/gh_2.100.0_linux_arm64.tar.gz"
url_api = "https://api.github.com/repos/cli/cli/releases/assets/542974279"
provenance = "github-attestations"

[tools."github:cli/cli"."platforms.linux-x64"]
checksum = "sha256:e4d4bb4498e8d007abe545b6568926793ace1b6447da598294a610018cb164be"
url = "https://github.com/cli/cli/releases/download/v2.100.0/gh_2.100.0_linux_amd64.tar.gz"
url_api = "https://api.github.com/repos/cli/cli/releases/assets/542974264"
provenance = "github-attestations"

[tools."github:cli/cli"."platforms.linux-x64-musl"]
checksum = "sha256:e4d4bb4498e8d007abe545b6568926793ace1b6447da598294a610018cb164be"
url = "https://github.com/cli/cli/releases/download/v2.100.0/gh_2.100.0_linux_amd64.tar.gz"
url_api = "https://api.github.com/repos/cli/cli/releases/assets/542974264"
provenance = "github-attestations"

[tools."github:cli/cli"."platforms.macos-arm64"]
checksum = "sha256:45f9a62da2f6e641a7fad57e2ce39656dfd7ef331372d80a2a2aed65abb01642"
url = "https://github.com/cli/cli/releases/download/v2.100.0/gh_2.100.0_macOS_arm64.zip"
url_api = "https://api.github.com/repos/cli/cli/releases/assets/542974295"
provenance = "github-attestations"

[tools."github:cli/cli"."platforms.macos-x64"]
checksum = "sha256:fcd7799e85eb575f3c7d2b1679bfbfedaefa1269d4bc7d096b51e10939b4812b"
url = "https://github.com/cli/cli/releases/download/v2.100.0/gh_2.100.0_macOS_amd64.zip"
url_api = "https://api.github.com/repos/cli/cli/releases/assets/542974293"
provenance = "github-attestations"

[tools."github:cli/cli"."platforms.windows-x64"]
checksum = "sha256:227e35230b25db3fa1b997bab7cf4d67df0470a3b75b99e4ee66bce1a7cd4e72"
url = "https://github.com/cli/cli/releases/download/v2.100.0/gh_2.100.0_windows_amd64.zip"
url_api = "https://api.github.com/repos/cli/cli/releases/assets/542974322"
provenance = "github-attestations"

[[tools."github:colbymchenry/codegraph"]]
version = "1.6.0"
backend = "github:colbymchenry/codegraph"
specifiers = ["1.6.0"]

[tools."github:colbymchenry/codegraph"."platforms.linux-arm64"]
checksum = "sha256:6dc935a7b8f1a61e688a578b98ea34680eb2e36d7b91db079d64f4011f1a668f"
url = "https://github.com/colbymchenry/codegraph/releases/download/v1.6.0/codegraph-linux-arm64.tar.gz"
url_api = "https://api.github.com/repos/colbymchenry/codegraph/releases/assets/531072898"
provenance = "github-attestations"

[tools."github:colbymchenry/codegraph"."platforms.linux-arm64-musl"]
checksum = "sha256:6dc935a7b8f1a61e688a578b98ea34680eb2e36d7b91db079d64f4011f1a668f"
url = "https://github.com/colbymchenry/codegraph/releases/download/v1.6.0/codegraph-linux-arm64.tar.gz"
url_api = "https://api.github.com/repos/colbymchenry/codegraph/releases/assets/531072898"
provenance = "github-attestations"

[tools."github:colbymchenry/codegraph"."platforms.linux-x64"]
checksum = "sha256:de3391f79ed42622d937e6cd5b7642a7ea8bb7d1473607e80b879ba73ef216b0"
url = "https://github.com/colbymchenry/codegraph/releases/download/v1.6.0/codegraph-linux-x64.tar.gz"
url_api = "https://api.github.com/repos/colbymchenry/codegraph/releases/assets/531072897"
provenance = "github-attestations"

[tools."github:colbymchenry/codegraph"."platforms.linux-x64-musl"]
checksum = "sha256:de3391f79ed42622d937e6cd5b7642a7ea8bb7d1473607e80b879ba73ef216b0"
url = "https://github.com/colbymchenry/codegraph/releases/download/v1.6.0/codegraph-linux-x64.tar.gz"
url_api = "https://api.github.com/repos/colbymchenry/codegraph/releases/assets/531072897"
provenance = "github-attestations"

[tools."github:colbymchenry/codegraph"."platforms.macos-arm64"]
checksum = "sha256:1c73033512d55f67be04717e81532e8beaf7be6fb8531f51a179fa23064ad480"
url = "https://github.com/colbymchenry/codegraph/releases/download/v1.6.0/codegraph-darwin-arm64.tar.gz"
url_api = "https://api.github.com/repos/colbymchenry/codegraph/releases/assets/531072896"
provenance = "github-attestations"

[tools."github:colbymchenry/codegraph"."platforms.macos-x64"]
checksum = "sha256:cb86a2b62ee676b62a56bf8423600e7d867e752e57f323cdc98c0f6236efd908"
url = "https://github.com/colbymchenry/codegraph/releases/download/v1.6.0/codegraph-darwin-x64.tar.gz"
url_api = "https://api.github.com/repos/colbymchenry/codegraph/releases/assets/531072894"
provenance = "github-attestations"

[tools."github:colbymchenry/codegraph"."platforms.windows-x64"]
checksum = "sha256:cd76c3c3391f2d40abef12b142151950b6d77abc2d8429e648f89eaa90f5b68a"
url = "https://github.com/colbymchenry/codegraph/releases/download/v1.6.0/codegraph-win32-x64.zip"
url_api = "https://api.github.com/repos/colbymchenry/codegraph/releases/assets/531072961"
provenance = "github-attestations"

[[tools."github:crate-ci/typos"]]
version = "1.50.0"
backend = "github:crate-ci/typos"
specifiers = ["v1.50.0"]

[tools."github:crate-ci/typos"."platforms.linux-arm64"]
checksum = "sha256:a520651f52199efc91a27aa2b82362e93d50e7d96386d3d48b28c2ad06b9ae4e"
url = "https://github.com/crate-ci/typos/releases/download/v1.50.0/typos-v1.50.0-aarch64-unknown-linux-musl.tar.gz"
url_api = "https://api.github.com/repos/crate-ci/typos/releases/assets/534125470"
provenance = "github-attestations"

[tools."github:crate-ci/typos"."platforms.linux-arm64-musl"]
checksum = "sha256:a520651f52199efc91a27aa2b82362e93d50e7d96386d3d48b28c2ad06b9ae4e"
url = "https://github.com/crate-ci/typos/releases/download/v1.50.0/typos-v1.50.0-aarch64-unknown-linux-musl.tar.gz"
url_api = "https://api.github.com/repos/crate-ci/typos/releases/assets/534125470"
provenance = "github-attestations"

[tools."github:crate-ci/typos"."platforms.linux-x64"]
checksum = "sha256:a1497c9626ba0bab731b3e37c12ac9051bbfa2a253463d4d574c28f190b5497b"
url = "https://github.com/crate-ci/typos/releases/download/v1.50.0/typos-v1.50.0-x86_64-unknown-linux-musl.tar.gz"
url_api = "https://api.github.com/repos/crate-ci/typos/releases/assets/534125001"
provenance = "github-attestations"

[tools."github:crate-ci/typos"."platforms.linux-x64-musl"]
checksum = "sha256:a1497c9626ba0bab731b3e37c12ac9051bbfa2a253463d4d574c28f190b5497b"
url = "https://github.com/crate-ci/typos/releases/download/v1.50.0/typos-v1.50.0-x86_64-unknown-linux-musl.tar.gz"
url_api = "https://api.github.com/repos/crate-ci/typos/releases/assets/534125001"
provenance = "github-attestations"

[tools."github:crate-ci/typos"."platforms.macos-arm64"]
checksum = "sha256:3c9e3cdc20fbed3812c1f2060650398e88af0c0a251bbe069398752dd71513ed"
url = "https://github.com/crate-ci/typos/releases/download/v1.50.0/typos-v1.50.0-aarch64-apple-darwin.tar.gz"
url_api = "https://api.github.com/repos/crate-ci/typos/releases/assets/534128210"
provenance = "github-attestations"

[tools."github:crate-ci/typos"."platforms.macos-x64"]
checksum = "sha256:ab88faa54ab9ceac55c6fc2a9841ceab8ef883ed46522dbcbde2ec7a110350b0"
url = "https://github.com/crate-ci/typos/releases/download/v1.50.0/typos-v1.50.0-x86_64-apple-darwin.tar.gz"
url_api = "https://api.github.com/repos/crate-ci/typos/releases/assets/534129540"
provenance = "github-attestations"

[tools."github:crate-ci/typos"."platforms.windows-x64"]
checksum = "sha256:a48abe229e6fd48729ee891b2c410c41bfa9dc15ca77815e723c4b66c311c53c"
url = "https://github.com/crate-ci/typos/releases/download/v1.50.0/typos-v1.50.0-x86_64-pc-windows-msvc.zip"
url_api = "https://api.github.com/repos/crate-ci/typos/releases/assets/534129526"
provenance = "github-attestations"

[[tools."github:j178/prek"]]
version = "0.5.0"
backend = "github:j178/prek"
specifiers = ["v0.5.0"]

[tools."github:j178/prek"."platforms.linux-arm64"]
checksum = "sha256:c8748e2e33b3bcf43713842565c51fc56b49c00b570f30c5cfbb7af428bfa780"
url = "https://github.com/j178/prek/releases/download/v0.5.0/prek-aarch64-unknown-linux-gnu.tar.gz"
url_api = "https://api.github.com/repos/j178/prek/releases/assets/531708943"
provenance = "github-attestations"

[tools."github:j178/prek"."platforms.linux-arm64-musl"]
checksum = "sha256:6a48bc5de0b134e1ecbd469714bdf88fc83b7895529d59f95303e839241473c2"
url = "https://github.com/j178/prek/releases/download/v0.5.0/prek-aarch64-unknown-linux-musl.tar.gz"
url_api = "https://api.github.com/repos/j178/prek/releases/assets/531708946"
provenance = "github-attestations"

[tools."github:j178/prek"."platforms.linux-x64"]
checksum = "sha256:b9b97fec40013d096a3a4f3914b8d7d467758eab923917cb43302c0219600997"
url = "https://github.com/j178/prek/releases/download/v0.5.0/prek-x86_64-unknown-linux-gnu.tar.gz"
url_api = "https://api.github.com/repos/j178/prek/releases/assets/531708995"
provenance = "github-attestations"

[tools."github:j178/prek"."platforms.linux-x64-musl"]
checksum = "sha256:99531890378759c04d38a93804d502d7df8a5c4bfb24c3e98af3031e868b9ba1"
url = "https://github.com/j178/prek/releases/download/v0.5.0/prek-x86_64-unknown-linux-musl.tar.gz"
url_api = "https://api.github.com/repos/j178/prek/releases/assets/531709001"
provenance = "github-attestations"

[tools."github:j178/prek"."platforms.macos-arm64"]
checksum = "sha256:73947efd142420dc1ad2856d155385b3fd54b88ba8bb769187dc8b359cc94681"
url = "https://github.com/j178/prek/releases/download/v0.5.0/prek-aarch64-apple-darwin.tar.gz"
url_api = "https://api.github.com/repos/j178/prek/releases/assets/531708937"
provenance = "github-attestations"

[tools."github:j178/prek"."platforms.macos-x64"]
checksum = "sha256:da5cdb10ca7821ed15c888d2a9b2ae94a6d4f7eadf1bc735ac1f668dec40654e"
url = "https://github.com/j178/prek/releases/download/v0.5.0/prek-x86_64-apple-darwin.tar.gz"
url_api = "https://api.github.com/repos/j178/prek/releases/assets/531708989"
provenance = "github-attestations"

[tools."github:j178/prek"."platforms.windows-x64"]
checksum = "sha256:3b1704f9c44d2a5f29af84c18dc5529c2cefab75697bdfdf69074cced1c0533b"
url = "https://github.com/j178/prek/releases/download/v0.5.0/prek-x86_64-pc-windows-msvc.zip"
url_api = "https://api.github.com/repos/j178/prek/releases/assets/531708991"
provenance = "github-attestations"

[[tools."github:koalaman/shellcheck"]]
version = "0.11.0"
backend = "github:koalaman/shellcheck"
specifiers = ["0.11.0"]

[tools."github:koalaman/shellcheck"."platforms.linux-arm64"]
checksum = "sha256:12b331c1d2db6b9eb13cfca64306b1b157a86eb69db83023e261eaa7e7c14588"
url = "https://github.com/koalaman/shellcheck/releases/download/v0.11.0/shellcheck-v0.11.0.linux.aarch64.tar.xz"
url_api = "https://api.github.com/repos/koalaman/shellcheck/releases/assets/279056934"

[tools."github:koalaman/shellcheck"."platforms.linux-arm64-musl"]
checksum = "sha256:12b331c1d2db6b9eb13cfca64306b1b157a86eb69db83023e261eaa7e7c14588"
url = "https://github.com/koalaman/shellcheck/releases/download/v0.11.0/shellcheck-v0.11.0.linux.aarch64.tar.xz"
url_api = "https://api.github.com/repos/koalaman/shellcheck/releases/assets/279056934"

[tools."github:koalaman/shellcheck"."platforms.linux-x64"]
checksum = "sha256:8c3be12b05d5c177a04c29e3c78ce89ac86f1595681cab149b65b97c4e227198"
url = "https://github.com/koalaman/shellcheck/releases/download/v0.11.0/shellcheck-v0.11.0.linux.x86_64.tar.xz"
url_api = "https://api.github.com/repos/koalaman/shellcheck/releases/assets/279056942"

[tools."github:koalaman/shellcheck"."platforms.linux-x64-musl"]
checksum = "sha256:8c3be12b05d5c177a04c29e3c78ce89ac86f1595681cab149b65b97c4e227198"
url = "https://github.com/koalaman/shellcheck/releases/download/v0.11.0/shellcheck-v0.11.0.linux.x86_64.tar.xz"
url_api = "https://api.github.com/repos/koalaman/shellcheck/releases/assets/279056942"

[tools."github:koalaman/shellcheck"."platforms.macos-arm64"]
checksum = "sha256:56affdd8de5527894dca6dc3d7e0a99a873b0f004d7aabc30ae407d3f48b0a79"
url = "https://github.com/koalaman/shellcheck/releases/download/v0.11.0/shellcheck-v0.11.0.darwin.aarch64.tar.xz"
url_api = "https://api.github.com/repos/koalaman/shellcheck/releases/assets/279056932"

[tools."github:koalaman/shellcheck"."platforms.macos-x64"]
checksum = "sha256:3c89db4edcab7cf1c27bff178882e0f6f27f7afdf54e859fa041fca10febe4c6"
url = "https://github.com/koalaman/shellcheck/releases/download/v0.11.0/shellcheck-v0.11.0.darwin.x86_64.tar.xz"
url_api = "https://api.github.com/repos/koalaman/shellcheck/releases/assets/279056930"

[tools."github:koalaman/shellcheck"."platforms.windows-x64"]
checksum = "sha256:8a4e35ab0b331c85d73567b12f2a444df187f483e5079ceffa6bda1faa2e740e"
url = "https://github.com/koalaman/shellcheck/releases/download/v0.11.0/shellcheck-v0.11.0.zip"
url_api = "https://api.github.com/repos/koalaman/shellcheck/releases/assets/279056944"

[[tools."github:max-sixty/worktrunk"]]
version = "0.75.0"
backend = "github:max-sixty/worktrunk"
specifiers = ["v0.75.0"]

[tools."github:max-sixty/worktrunk"."platforms.linux-arm64"]
checksum = "sha256:2504fdc07152fadd2c53c6d71268c6684aa08fb9f5a3ea4ec740c8747d3dde88"
url = "https://github.com/max-sixty/worktrunk/releases/download/v0.75.0/worktrunk-aarch64-unknown-linux-musl.tar.xz"
url_api = "https://api.github.com/repos/max-sixty/worktrunk/releases/assets/531753169"

[tools."github:max-sixty/worktrunk"."platforms.linux-arm64-musl"]
checksum = "sha256:2504fdc07152fadd2c53c6d71268c6684aa08fb9f5a3ea4ec740c8747d3dde88"
url = "https://github.com/max-sixty/worktrunk/releases/download/v0.75.0/worktrunk-aarch64-unknown-linux-musl.tar.xz"
url_api = "https://api.github.com/repos/max-sixty/worktrunk/releases/assets/531753169"

[tools."github:max-sixty/worktrunk"."platforms.linux-x64"]
checksum = "sha256:9ca16c77245c01edb079620a4375a8a49046fded4d4e571dd21930fd0235eca3"
url = "https://github.com/max-sixty/worktrunk/releases/download/v0.75.0/worktrunk-x86_64-unknown-linux-musl.tar.xz"
url_api = "https://api.github.com/repos/max-sixty/worktrunk/releases/assets/531753183"

[tools."github:max-sixty/worktrunk"."platforms.linux-x64-musl"]
checksum = "sha256:9ca16c77245c01edb079620a4375a8a49046fded4d4e571dd21930fd0235eca3"
url = "https://github.com/max-sixty/worktrunk/releases/download/v0.75.0/worktrunk-x86_64-unknown-linux-musl.tar.xz"
url_api = "https://api.github.com/repos/max-sixty/worktrunk/releases/assets/531753183"

[tools."github:max-sixty/worktrunk"."platforms.macos-arm64"]
checksum = "sha256:c5868d06bddd28b8e49d7b0c42c06e5825ec27e930ce7f3d254a8d8f6511c3b9"
url = "https://github.com/max-sixty/worktrunk/releases/download/v0.75.0/worktrunk-aarch64-apple-darwin.tar.xz"
url_api = "https://api.github.com/repos/max-sixty/worktrunk/releases/assets/531753160"

[tools."github:max-sixty/worktrunk"."platforms.macos-x64"]
checksum = "sha256:dbc5a7e5f787d19943e2f7f1a3214be836f71bab2ef79ff4e8ede4cb390cd634"
url = "https://github.com/max-sixty/worktrunk/releases/download/v0.75.0/worktrunk-x86_64-apple-darwin.tar.xz"
url_api = "https://api.github.com/repos/max-sixty/worktrunk/releases/assets/531753175"

[tools."github:max-sixty/worktrunk"."platforms.windows-x64"]
checksum = "sha256:ded8b08156410ce9bf217d9a8e5b7c150eb52d0960799c3846fde1b80f616b20"
url = "https://github.com/max-sixty/worktrunk/releases/download/v0.75.0/worktrunk-x86_64-pc-windows-msvc.zip"
url_api = "https://api.github.com/repos/max-sixty/worktrunk/releases/assets/531753180"

[[tools."github:nektos/act"]]
version = "0.2.89"
backend = "github:nektos/act"
specifiers = ["0.2.89"]

[tools."github:nektos/act"."platforms.linux-arm64"]
checksum = "sha256:daa8679ba9615a74d2d0cec321dc593f21948a2a11bb65862b063d8b930f4bcb"
url = "https://github.com/nektos/act/releases/download/v0.2.89/act_Linux_arm64.tar.gz"
url_api = "https://api.github.com/repos/nektos/act/releases/assets/434891274"

[tools."github:nektos/act"."platforms.linux-arm64-musl"]
checksum = "sha256:daa8679ba9615a74d2d0cec321dc593f21948a2a11bb65862b063d8b930f4bcb"
url = "https://github.com/nektos/act/releases/download/v0.2.89/act_Linux_arm64.tar.gz"
url_api = "https://api.github.com/repos/nektos/act/releases/assets/434891274"

[tools."github:nektos/act"."platforms.linux-x64"]
checksum = "sha256:0191d6f1f3b716b5c55820032605d05fc3c1cdbf581ebeff655019e5dd1524c0"
url = "https://github.com/nektos/act/releases/download/v0.2.89/act_Linux_x86_64.tar.gz"
url_api = "https://api.github.com/repos/nektos/act/releases/assets/434891246"

[tools."github:nektos/act"."platforms.linux-x64-musl"]
checksum = "sha256:0191d6f1f3b716b5c55820032605d05fc3c1cdbf581ebeff655019e5dd1524c0"
url = "https://github.com/nektos/act/releases/download/v0.2.89/act_Linux_x86_64.tar.gz"
url_api = "https://api.github.com/repos/nektos/act/releases/assets/434891246"

[tools."github:nektos/act"."platforms.macos-arm64"]
checksum = "sha256:48ae218af96725f7635a66de2b87e1e346893b02add0f16b92f560296b2151fc"
url = "https://github.com/nektos/act/releases/download/v0.2.89/act_Darwin_arm64.tar.gz"
url_api = "https://api.github.com/repos/nektos/act/releases/assets/434891257"

[tools."github:nektos/act"."platforms.macos-x64"]
checksum = "sha256:41b31488e7c254baec31cce12c7dade3e35973b8a31b9486206ad43f233d814e"
url = "https://github.com/nektos/act/releases/download/v0.2.89/act_Darwin_x86_64.tar.gz"
url_api = "https://api.github.com/repos/nektos/act/releases/assets/434891248"

[tools."github:nektos/act"."platforms.windows-x64"]
checksum = "sha256:0f8cf866ad7e32421a219fc551a0a0ea5d12ead464de12ebfeafd334a5973b50"
url = "https://github.com/nektos/act/releases/download/v0.2.89/act_Windows_x86_64.zip"
url_api = "https://api.github.com/repos/nektos/act/releases/assets/434891261"

[[tools."github:nextest-rs/nextest"]]
version = "cargo-nextest-0.9.143"
backend = "github:nextest-rs/nextest"
specifiers = ["cargo-nextest-0.9.143"]

[tools."github:nextest-rs/nextest"."platforms.linux-arm64"]
checksum = "sha256:2a64b3566a92508550a7ab29c3e8db25472ca37730ecb4d22100b6aa440c2a68"
url = "https://github.com/nextest-rs/nextest/releases/download/cargo-nextest-0.9.143/cargo-nextest-0.9.143-aarch64-unknown-linux-gnu.tar.gz"
url_api = "https://api.github.com/repos/nextest-rs/nextest/releases/assets/501881925"
provenance = "github-attestations"

[tools."github:nextest-rs/nextest"."platforms.linux-arm64-musl"]
checksum = "sha256:0560ce0ce017f368c54b5db86588370fc03b470985490fa81200e62a657dda05"
url = "https://github.com/nextest-rs/nextest/releases/download/cargo-nextest-0.9.143/cargo-nextest-0.9.143-aarch64-unknown-linux-musl.tar.gz"
url_api = "https://api.github.com/repos/nextest-rs/nextest/releases/assets/501882957"
provenance = "github-attestations"

[tools."github:nextest-rs/nextest"."platforms.linux-x64"]
checksum = "sha256:66786b9abe23920d022a182d1416b1bbc8130dd4872a9553d76985a1708dcd1e"
url = "https://github.com/nextest-rs/nextest/releases/download/cargo-nextest-0.9.143/cargo-nextest-0.9.143-x86_64-unknown-linux-gnu.tar.gz"
url_api = "https://api.github.com/repos/nextest-rs/nextest/releases/assets/501882467"
provenance = "github-attestations"

[tools."github:nextest-rs/nextest"."platforms.linux-x64-musl"]
checksum = "sha256:6d891c18105ec2d33f6e441a4f92b7ccab47ba263e22055c8bb66884243f3389"
url = "https://github.com/nextest-rs/nextest/releases/download/cargo-nextest-0.9.143/cargo-nextest-0.9.143-x86_64-unknown-linux-musl.tar.gz"
url_api = "https://api.github.com/repos/nextest-rs/nextest/releases/assets/501883394"
provenance = "github-attestations"

[tools."github:nextest-rs/nextest"."platforms.macos-arm64"]
checksum = "sha256:4830d430411148d17602a75cc880bfb4dc8dac153dea59a48a2ef4cc93577f07"
url = "https://github.com/nextest-rs/nextest/releases/download/cargo-nextest-0.9.143/cargo-nextest-0.9.143-universal-apple-darwin.tar.gz"
url_api = "https://api.github.com/repos/nextest-rs/nextest/releases/assets/501885637"
provenance = "github-attestations"

[tools."github:nextest-rs/nextest"."platforms.macos-x64"]
checksum = "sha256:4830d430411148d17602a75cc880bfb4dc8dac153dea59a48a2ef4cc93577f07"
url = "https://github.com/nextest-rs/nextest/releases/download/cargo-nextest-0.9.143/cargo-nextest-0.9.143-universal-apple-darwin.tar.gz"
url_api = "https://api.github.com/repos/nextest-rs/nextest/releases/assets/501885637"
provenance = "github-attestations"

[tools."github:nextest-rs/nextest"."platforms.windows-x64"]
checksum = "sha256:c670ba18e8731fd2eff33a47af33a0fa53d1afa6d0678344e82dc6f8fc7344ac"
url = "https://github.com/nextest-rs/nextest/releases/download/cargo-nextest-0.9.143/cargo-nextest-0.9.143-x86_64-pc-windows-msvc.zip"
url_api = "https://api.github.com/repos/nextest-rs/nextest/releases/assets/501885754"
provenance = "github-attestations"

[[tools."github:numtide/treefmt"]]
version = "2.5.0"
backend = "github:numtide/treefmt"
specifiers = ["2.5.0"]

[tools."github:numtide/treefmt"."platforms.linux-arm64"]
checksum = "sha256:fce47c6fc8cb6a87461b1309fc6d3102eade64b6fe0c9b86678b4eed9eb00e57"
url = "https://github.com/numtide/treefmt/releases/download/v2.5.0/treefmt_2.5.0_linux_arm64.tar.gz"
url_api = "https://api.github.com/repos/numtide/treefmt/releases/assets/391045230"

[tools."github:numtide/treefmt"."platforms.linux-arm64-musl"]
checksum = "sha256:fce47c6fc8cb6a87461b1309fc6d3102eade64b6fe0c9b86678b4eed9eb00e57"
url = "https://github.com/numtide/treefmt/releases/download/v2.5.0/treefmt_2.5.0_linux_arm64.tar.gz"
url_api = "https://api.github.com/repos/numtide/treefmt/releases/assets/391045230"

[tools."github:numtide/treefmt"."platforms.linux-x64"]
checksum = "sha256:95f707bf9666d08b50888b116768fd77f042ad5af92aa3b795f063160e72758f"
url = "https://github.com/numtide/treefmt/releases/download/v2.5.0/treefmt_2.5.0_linux_amd64.tar.gz"
url_api = "https://api.github.com/repos/numtide/treefmt/releases/assets/391045232"

[tools."github:numtide/treefmt"."platforms.linux-x64-musl"]
checksum = "sha256:95f707bf9666d08b50888b116768fd77f042ad5af92aa3b795f063160e72758f"
url = "https://github.com/numtide/treefmt/releases/download/v2.5.0/treefmt_2.5.0_linux_amd64.tar.gz"
url_api = "https://api.github.com/repos/numtide/treefmt/releases/assets/391045232"

[tools."github:numtide/treefmt"."platforms.macos-arm64"]
checksum = "sha256:a3cdfa8e92eb7c302bb851f73800187e75d5789f2a75835b403b158d77b2c376"
url = "https://github.com/numtide/treefmt/releases/download/v2.5.0/treefmt_2.5.0_darwin_arm64.tar.gz"
url_api = "https://api.github.com/repos/numtide/treefmt/releases/assets/391045242"

[tools."github:numtide/treefmt"."platforms.macos-x64"]
checksum = "sha256:21388b1f7d6c2f572e1ce9231f7dfc08f80a062438908791ab078c1d76b10a49"
url = "https://github.com/numtide/treefmt/releases/download/v2.5.0/treefmt_2.5.0_darwin_amd64.tar.gz"
url_api = "https://api.github.com/repos/numtide/treefmt/releases/assets/391045231"

[[tools."github:orhun/git-cliff"]]
version = "2.13.1"
backend = "github:orhun/git-cliff"
specifiers = ["2.13.1"]

[tools."github:orhun/git-cliff"."platforms.linux-arm64"]
checksum = "sha256:9619b7f0c584229f8a2331c1905afe88bd938bdc9102926c2073836a42f02455"
url = "https://github.com/orhun/git-cliff/releases/download/v2.13.1/git-cliff-2.13.1-aarch64-unknown-linux-gnu.tar.gz"
url_api = "https://api.github.com/repos/orhun/git-cliff/releases/assets/405850077"

[tools."github:orhun/git-cliff"."platforms.linux-arm64-musl"]
checksum = "sha256:4054c124b926c117f3fa048939bc8be0a954f29f3b6f367627e8cb22c1971882"
url = "https://github.com/orhun/git-cliff/releases/download/v2.13.1/git-cliff-2.13.1-aarch64-unknown-linux-musl.tar.gz"
url_api = "https://api.github.com/repos/orhun/git-cliff/releases/assets/405850720"

[tools."github:orhun/git-cliff"."platforms.linux-x64"]
checksum = "sha256:9a1263f24e59a2f508c7b3d3283c9dea94a8bf697f96dbc18cc783cac6284546"
url = "https://github.com/orhun/git-cliff/releases/download/v2.13.1/git-cliff-2.13.1-x86_64-unknown-linux-gnu.tar.gz"
url_api = "https://api.github.com/repos/orhun/git-cliff/releases/assets/405850439"

[tools."github:orhun/git-cliff"."platforms.linux-x64-musl"]
checksum = "sha256:200d2535da6d9703f3bcc8a4d159c3b55eacdb01cf2148c55b3eee9dd04d5249"
url = "https://github.com/orhun/git-cliff/releases/download/v2.13.1/git-cliff-2.13.1-x86_64-unknown-linux-musl.tar.gz"
url_api = "https://api.github.com/repos/orhun/git-cliff/releases/assets/405850671"

[tools."github:orhun/git-cliff"."platforms.macos-arm64"]
checksum = "sha256:21547ae4a0421164070ab75c2522864ea5565858a011fabc5f583061b20f1226"
url = "https://github.com/orhun/git-cliff/releases/download/v2.13.1/git-cliff-2.13.1-aarch64-apple-darwin.tar.gz"
url_api = "https://api.github.com/repos/orhun/git-cliff/releases/assets/405849885"

[tools."github:orhun/git-cliff"."platforms.macos-x64"]
checksum = "sha256:6e60ae390d375cecb9d8008c49f0e724a8dfe40390b532ef5501e421d2cc8acb"
url = "https://github.com/orhun/git-cliff/releases/download/v2.13.1/git-cliff-2.13.1-x86_64-apple-darwin.tar.gz"
url_api = "https://api.github.com/repos/orhun/git-cliff/releases/assets/405850193"

[tools."github:orhun/git-cliff"."platforms.windows-x64"]
checksum = "sha256:3ae3a5549e85c7ad5b20192ebcfee4371269deca51255f6f2f2e051c6541f5ca"
url = "https://github.com/orhun/git-cliff/releases/download/v2.13.1/git-cliff-2.13.1-x86_64-pc-windows-msvc.zip"
url_api = "https://api.github.com/repos/orhun/git-cliff/releases/assets/405851866"

[[tools."github:rvben/rumdl"]]
version = "0.2.62"
backend = "github:rvben/rumdl"
specifiers = ["0.2.62"]

[tools."github:rvben/rumdl"."platforms.linux-arm64"]
checksum = "sha256:e0ad6d61afb9f4f734b297674e562846ee29b33f21618ce0678c9ea151d5d73a"
url = "https://github.com/rvben/rumdl/releases/download/v0.2.62/rumdl-v0.2.62-aarch64-unknown-linux-gnu.tar.gz"
url_api = "https://api.github.com/repos/rvben/rumdl/releases/assets/532322363"
provenance = "github-attestations"

[tools."github:rvben/rumdl"."platforms.linux-arm64-musl"]
checksum = "sha256:79ec0b4771b1026dd337b942fc6f05655dd30503434f0412adf7b2feed402c44"
url = "https://github.com/rvben/rumdl/releases/download/v0.2.62/rumdl-v0.2.62-aarch64-unknown-linux-musl.tar.gz"
url_api = "https://api.github.com/repos/rvben/rumdl/releases/assets/532322353"
provenance = "github-attestations"

[tools."github:rvben/rumdl"."platforms.linux-x64"]
checksum = "sha256:12058de9ab5e0078a468d11bd1a8c5b79f69768a15c06832cebde715075ed893"
url = "https://github.com/rvben/rumdl/releases/download/v0.2.62/rumdl-v0.2.62-x86_64-unknown-linux-gnu.tar.gz"
url_api = "https://api.github.com/repos/rvben/rumdl/releases/assets/532322356"
provenance = "github-attestations"

[tools."github:rvben/rumdl"."platforms.linux-x64-musl"]
checksum = "sha256:f2581ed4b9cccff9288ee395777911f194368b28e0e0258070e94b7859a30b7e"
url = "https://github.com/rvben/rumdl/releases/download/v0.2.62/rumdl-v0.2.62-x86_64-unknown-linux-musl.tar.gz"
url_api = "https://api.github.com/repos/rvben/rumdl/releases/assets/532322358"
provenance = "github-attestations"

[tools."github:rvben/rumdl"."platforms.macos-arm64"]
checksum = "sha256:3fd051ccb75e790635a7eb19585b4060c4c78bd3e7362daa98fa55dc46626b41"
url = "https://github.com/rvben/rumdl/releases/download/v0.2.62/rumdl-v0.2.62-aarch64-apple-darwin.tar.gz"
url_api = "https://api.github.com/repos/rvben/rumdl/releases/assets/532322359"
provenance = "github-attestations"

[tools."github:rvben/rumdl"."platforms.macos-x64"]
checksum = "sha256:3cb4e17fda2703860f75a5ee1d1c08ee0bab045713b3b30edb5e60c192a93e3c"
url = "https://github.com/rvben/rumdl/releases/download/v0.2.62/rumdl-v0.2.62-x86_64-apple-darwin.tar.gz"
url_api = "https://api.github.com/repos/rvben/rumdl/releases/assets/532322361"
provenance = "github-attestations"

[tools."github:rvben/rumdl"."platforms.windows-x64"]
checksum = "sha256:0e5521e7f5427dcb023372fd938101626a3cbda85bd06efa322ac109b58ccb5b"
url = "https://github.com/rvben/rumdl/releases/download/v0.2.62/rumdl-v0.2.62-x86_64-pc-windows-msvc.zip"
url_api = "https://api.github.com/repos/rvben/rumdl/releases/assets/532322368"
provenance = "github-attestations"

[[tools."github:tombi-toml/tombi"]]
version = "1.5.0"
backend = "github:tombi-toml/tombi"
specifiers = ["1.5.0"]

[tools."github:tombi-toml/tombi"."platforms.linux-arm64"]
checksum = "sha256:963e8d91a7b5517071837971dc7c60a84f766038ea4467a5c3799a511413ac78"
url = "https://github.com/tombi-toml/tombi/releases/download/v1.5.0/tombi-cli-1.5.0-aarch64-unknown-linux-musl.tar.gz"
url_api = "https://api.github.com/repos/tombi-toml/tombi/releases/assets/534556744"
provenance = "github-attestations"

[tools."github:tombi-toml/tombi"."platforms.linux-arm64-musl"]
checksum = "sha256:963e8d91a7b5517071837971dc7c60a84f766038ea4467a5c3799a511413ac78"
url = "https://github.com/tombi-toml/tombi/releases/download/v1.5.0/tombi-cli-1.5.0-aarch64-unknown-linux-musl.tar.gz"
url_api = "https://api.github.com/repos/tombi-toml/tombi/releases/assets/534556744"
provenance = "github-attestations"

[tools."github:tombi-toml/tombi"."platforms.linux-x64"]
checksum = "sha256:440381b5d3ea67d325c6b4c4b4d0c681bc4aabd3623f31fce379a30cec6694db"
url = "https://github.com/tombi-toml/tombi/releases/download/v1.5.0/tombi-cli-1.5.0-x86_64-unknown-linux-musl.tar.gz"
url_api = "https://api.github.com/repos/tombi-toml/tombi/releases/assets/534556771"
provenance = "github-attestations"

[tools."github:tombi-toml/tombi"."platforms.linux-x64-musl"]
checksum = "sha256:440381b5d3ea67d325c6b4c4b4d0c681bc4aabd3623f31fce379a30cec6694db"
url = "https://github.com/tombi-toml/tombi/releases/download/v1.5.0/tombi-cli-1.5.0-x86_64-unknown-linux-musl.tar.gz"
url_api = "https://api.github.com/repos/tombi-toml/tombi/releases/assets/534556771"
provenance = "github-attestations"

[tools."github:tombi-toml/tombi"."platforms.macos-arm64"]
checksum = "sha256:0e14d1f61ecfba7dd22fce1417be4c1c0428354cfe7e5b2756a2fe36424e15f1"
url = "https://github.com/tombi-toml/tombi/releases/download/v1.5.0/tombi-cli-1.5.0-aarch64-apple-darwin.tar.gz"
url_api = "https://api.github.com/repos/tombi-toml/tombi/releases/assets/534556743"
provenance = "github-attestations"

[tools."github:tombi-toml/tombi"."platforms.macos-x64"]
checksum = "sha256:ba2966ea709a3b1417f3cae9506880642306426fec7c970dc0202882e2634593"
url = "https://github.com/tombi-toml/tombi/releases/download/v1.5.0/tombi-cli-1.5.0-x86_64-apple-darwin.tar.gz"
url_api = "https://api.github.com/repos/tombi-toml/tombi/releases/assets/534556742"
provenance = "github-attestations"

[tools."github:tombi-toml/tombi"."platforms.windows-x64"]
checksum = "sha256:6566cd1a9d87d83e905bf2aa9b72858dc66e21dc949b9ccf3a09447155b21245"
url = "https://github.com/tombi-toml/tombi/releases/download/v1.5.0/tombi-cli-1.5.0-x86_64-pc-windows-msvc.zip"
url_api = "https://api.github.com/repos/tombi-toml/tombi/releases/assets/534556764"
provenance = "github-attestations"

[[tools."github:woodruffw/zizmor"]]
version = "1.30.1"
backend = "github:woodruffw/zizmor"
specifiers = ["v1.30.1"]

[tools."github:woodruffw/zizmor"."platforms.linux-arm64"]
checksum = "sha256:7ff1dce33bdd18fd2a4affe63bdd47efcccca97b2cec1c1863ec26e9e2647540"
url = "https://github.com/woodruffw/zizmor/releases/download/v1.30.1/zizmor-aarch64-unknown-linux-gnu.tar.gz"
url_api = "https://api.github.com/repos/woodruffw/zizmor/releases/assets/552067643"
provenance = "github-attestations"

[tools."github:woodruffw/zizmor"."platforms.linux-arm64-musl"]
checksum = "sha256:7ff1dce33bdd18fd2a4affe63bdd47efcccca97b2cec1c1863ec26e9e2647540"
url = "https://github.com/woodruffw/zizmor/releases/download/v1.30.1/zizmor-aarch64-unknown-linux-gnu.tar.gz"
url_api = "https://api.github.com/repos/woodruffw/zizmor/releases/assets/552067643"
provenance = "github-attestations"

[tools."github:woodruffw/zizmor"."platforms.linux-x64"]
checksum = "sha256:e65324f4430c2717591937edcec90ccbefaf14c174f8ec9415e03ca875b46e1a"
url = "https://github.com/woodruffw/zizmor/releases/download/v1.30.1/zizmor-x86_64-unknown-linux-gnu.tar.gz"
url_api = "https://api.github.com/repos/woodruffw/zizmor/releases/assets/552067642"
provenance = "github-attestations"

[tools."github:woodruffw/zizmor"."platforms.linux-x64-musl"]
checksum = "sha256:e65324f4430c2717591937edcec90ccbefaf14c174f8ec9415e03ca875b46e1a"
url = "https://github.com/woodruffw/zizmor/releases/download/v1.30.1/zizmor-x86_64-unknown-linux-gnu.tar.gz"
url_api = "https://api.github.com/repos/woodruffw/zizmor/releases/assets/552067642"
provenance = "github-attestations"

[tools."github:woodruffw/zizmor"."platforms.macos-arm64"]
checksum = "sha256:e28d22b087f9ebb8d99da6e740d348c930f559961c7c3f12badda54f882195a2"
url = "https://github.com/woodruffw/zizmor/releases/download/v1.30.1/zizmor-aarch64-apple-darwin.tar.gz"
url_api = "https://api.github.com/repos/woodruffw/zizmor/releases/assets/552067640"
provenance = "github-attestations"

[tools."github:woodruffw/zizmor"."platforms.macos-x64"]
checksum = "sha256:10e6b18b11ea07e515a16f0f0518c7b07527bc9977c1fd5698181ce7f3554202"
url = "https://github.com/woodruffw/zizmor/releases/download/v1.30.1/zizmor-x86_64-apple-darwin.tar.gz"
url_api = "https://api.github.com/repos/woodruffw/zizmor/releases/assets/552067641"
provenance = "github-attestations"

[tools."github:woodruffw/zizmor"."platforms.windows-x64"]
checksum = "sha256:b183b1e996eddfab9659f1e9b46e059f1ef1cf984a1f14e5da09f7876a4b3a1c"
url = "https://github.com/woodruffw/zizmor/releases/download/v1.30.1/zizmor-x86_64-pc-windows-msvc.zip"
url_api = "https://api.github.com/repos/woodruffw/zizmor/releases/assets/552067645"
provenance = "github-attestations"

[[tools.node]]
version = "26.8.1"
backend = "core:node"
specifiers = ["26.8.1"]

[tools.node."platforms.linux-arm64"]
checksum = "sha256:d5f973ce975e4bd03e6c2038260f7e9201615aa8e1ee293c72f8dcc2a6d9fddb"
url = "https://nodejs.org/dist/v26.8.1/node-v26.8.1-linux-arm64.tar.gz"

[tools.node."platforms.linux-arm64-musl"]
checksum = "sha256:0fe78afdeb4a4d273b14abbd4b946c772885c58994c9d23b1c8ae0a59a2f8a53"
url = "https://unofficial-builds.nodejs.org/download/release/v26.8.1/node-v26.8.1-linux-arm64-musl.tar.gz"

[tools.node."platforms.linux-x64"]
checksum = "sha256:b2b76660fa4ded4e0b2a41ee3c0c651cd52ea8170ead91ebac1e147ac3d55643"
url = "https://nodejs.org/dist/v26.8.1/node-v26.8.1-linux-x64.tar.gz"

[tools.node."platforms.linux-x64-musl"]
checksum = "sha256:13135a6a2106f9d111fa9b48c8801ed119ad43e7e1d00de17d77a9c44899aada"
url = "https://unofficial-builds.nodejs.org/download/release/v26.8.1/node-v26.8.1-linux-x64-musl.tar.gz"

[tools.node."platforms.macos-arm64"]
checksum = "sha256:6e577fd0d9db776db82306629e441a9dace416702622aebdd171c9dfaa41f4d2"
url = "https://nodejs.org/dist/v26.8.1/node-v26.8.1-darwin-arm64.tar.gz"

[tools.node."platforms.macos-x64"]
checksum = "sha256:fe9c6dbf9c8e1b4443803d75e2a20366e420dae650c747dbb116b22975751baf"
url = "https://nodejs.org/dist/v26.8.1/node-v26.8.1-darwin-x64.tar.gz"

[tools.node."platforms.windows-x64"]
checksum = "sha256:57693d8e93d1b04e7b7de46aca53ecd63e97564e73de36a68428d7ff08d83587"
url = "https://nodejs.org/dist/v26.8.1/node-v26.8.1-win-x64.zip"

[[tools."npm:@commitlint/cli"]]
version = "21.2.2"
aube = { path = ".mise/locks/npm-commitlint-cli/21.2.2", digest = "sha256:b7c34b342579329bd74cacf460e1b65cc38dc156999e78f5a50dd73ef7e89b1d" }
backend = "npm:@commitlint/cli"
specifiers = ["21.2.2"]

[[tools."npm:oxfmt"]]
version = "0.65.0"
aube = { path = ".mise/locks/npm-oxfmt/0.65.0", digest = "sha256:d5e6c3c1d4a69d15bdb76c5575508d39847799c88b3c0e93aa492da2c324accd" }
backend = "npm:oxfmt"
specifiers = ["0.65.0"]
